{
  "name": "api",
  "version": "1.0.0",
  "lockfileVersion": 2,
  "requires": true,
  "packages": {
    "": {
      "name": "api",
      "version": "1.0.0",
      "dependencies": {
        "express": {
          "version": "4.17.1"
        }
      }
    }
  },
  "dependencies": {
    "express": {
      "version": "4.17.1",
      "resolved": "https://registry.npmjs.org/express/-/express-4.17.1.tgz",
      "integrity": "sha512-91PQOBERV9j2S6xXOUPXyMmYToJt1BnMFpPP2czJ5hCtVMuusZL0b6Hcoz9/raI4X+2n5qOgYQ1B5B7yqH4iWg=="
    }
  }
}
